// !$*UTF8*$!
{
	archiveVersion = 1;
	classes = {
	};
	objectVersion = 46;
	objects = {

/* Begin PBXBuildFile section */
		18356F7F1CE18B7600D69F42 /* main.m in Sources */ = {isa = PBXBuildFile; fileRef = 18356F7E1CE18B7600D69F42 /* main.m */; };
		18356F821CE18B7600D69F42 /* AppDelegate.m in Sources */ = {isa = PBXBuildFile; fileRef = 18356F811CE18B7600D69F42 /* AppDelegate.m */; };
		18356F851CE18B7600D69F42 /* ViewController.m in Sources */ = {isa = PBXBuildFile; fileRef = 18356F841CE18B7600D69F42 /* ViewController.m */; };
		18356F8A1CE18B7600D69F42 /* Assets.xcassets in Resources */ = {isa = PBXBuildFile; fileRef = 18356F891CE18B7600D69F42 /* Assets.xcassets */; };
		18356F8D1CE18B7600D69F42 /* LaunchScreen.storyboard in Resources */ = {isa = PBXBuildFile; fileRef = 18356F8B1CE18B7600D69F42 /* LaunchScreen.storyboard */; };
		18356F981CE18B7700D69F42 /* AfxTests.m in Sources */ = {isa = PBXBuildFile; fileRef = 18356F971CE18B7700D69F42 /* AfxTests.m */; };
		18356FA31CE18B7700D69F42 /* AfxUITests.m in Sources */ = {isa = PBXBuildFile; fileRef = 18356FA21CE18B7700D69F42 /* AfxUITests.m */; };
		358FE4721FCBA9A5005487A7 /* README.md in Resources */ = {isa = PBXBuildFile; fileRef = 358FE44B1FCBA9A5005487A7 /* README.md */; };
		358FE4731FCBA9A5005487A7 /* README.md in Resources */ = {isa = PBXBuildFile; fileRef = 358FE44D1FCBA9A5005487A7 /* README.md */; };
		358FE4741FCBA9A5005487A7 /* .gitignore in Resources */ = {isa = PBXBuildFile; fileRef = 358FE4501FCBA9A5005487A7 /* .gitignore */; };
		358FE4751FCBA9A5005487A7 /* .gitignore in Resources */ = {isa = PBXBuildFile; fileRef = 358FE4521FCBA9A5005487A7 /* .gitignore */; };
		358FE4761FCBA9A5005487A7 /* .gitignore in Resources */ = {isa = PBXBuildFile; fileRef = 358FE4541FCBA9A5005487A7 /* .gitignore */; };
		358FE4771FCBA9A5005487A7 /* .gitignore in Resources */ = {isa = PBXBuildFile; fileRef = 358FE4571FCBA9A5005487A7 /* .gitignore */; };
		358FE4781FCBA9A5005487A7 /* .gitignore in Resources */ = {isa = PBXBuildFile; fileRef = 358FE4591FCBA9A5005487A7 /* .gitignore */; };
		358FE4791FCBA9A5005487A7 /* .gitignore in Resources */ = {isa = PBXBuildFile; fileRef = 358FE45B1FCBA9A5005487A7 /* .gitignore */; };
		358FE47A1FCBA9A5005487A7 /* .gitignore in Resources */ = {isa = PBXBuildFile; fileRef = 358FE45E1FCBA9A5005487A7 /* .gitignore */; };
		358FE47B1FCBA9A5005487A7 /* README.md in Resources */ = {isa = PBXBuildFile; fileRef = 358FE45F1FCBA9A5005487A7 /* README.md */; };
		358FE47C1FCBA9A5005487A7 /* .gitignore in Resources */ = {isa = PBXBuildFile; fileRef = 358FE4611FCBA9A5005487A7 /* .gitignore */; };
		358FE47D1FCBA9A5005487A7 /* .gitignore in Resources */ = {isa = PBXBuildFile; fileRef = 358FE4631FCBA9A5005487A7 /* .gitignore */; };
		358FE47E1FCBA9A5005487A7 /* README.md in Resources */ = {isa = PBXBuildFile; fileRef = 358FE4651FCBA9A5005487A7 /* README.md */; };
		358FE47F1FCBA9A5005487A7 /* .gitignore in Resources */ = {isa = PBXBuildFile; fileRef = 358FE4681FCBA9A5005487A7 /* .gitignore */; };
		358FE4801FCBA9A5005487A7 /* README.md in Resources */ = {isa = PBXBuildFile; fileRef = 358FE4691FCBA9A5005487A7 /* README.md */; };
		358FE4811FCBA9A5005487A7 /* .gitignore in Resources */ = {isa = PBXBuildFile; fileRef = 358FE46B1FCBA9A5005487A7 /* .gitignore */; };
		358FE4821FCBA9A5005487A7 /* .gitignore in Resources */ = {isa = PBXBuildFile; fileRef = 358FE46D1FCBA9A5005487A7 /* .gitignore */; };
		358FE4831FCBA9A5005487A7 /* README.md in Resources */ = {isa = PBXBuildFile; fileRef = 358FE46F1FCBA9A5005487A7 /* README.md */; };
		358FE4841FCBA9A5005487A7 /* README.md in Resources */ = {isa = PBXBuildFile; fileRef = 358FE4711FCBA9A5005487A7 /* README.md */; };
/* End PBXBuildFile section */

/* Begin PBXContainerItemProxy section */
		18356F941CE18B7700D69F42 /* PBXContainerItemProxy */ = {
			isa = PBXContainerItemProxy;
			containerPortal = 18356F721CE18B7600D69F42 /* Project object */;
			proxyType = 1;
			remoteGlobalIDString = 18356F791CE18B7600D69F42;
			remoteInfo = Afx;
		};
		18356F9F1CE18B7700D69F42 /* PBXContainerItemProxy */ = {
			isa = PBXContainerItemProxy;
			containerPortal = 18356F721CE18B7600D69F42 /* Project object */;
			proxyType = 1;
			remoteGlobalIDString = 18356F791CE18B7600D69F42;
			remoteInfo = Afx;
		};
/* End PBXContainerItemProxy section */

/* Begin PBXFileReference section */
		18356F7A1CE18B7600D69F42 /* Afx.app */ = {isa = PBXFileReference; explicitFileType = wrapper.application; includeInIndex = 0; path = Afx.app; sourceTree = BUILT_PRODUCTS_DIR; };
		18356F7E1CE18B7600D69F42 /* main.m */ = {isa = PBXFileReference; lastKnownFileType = sourcecode.c.objc; path = main.m; sourceTree = "<group>"; };
		18356F801CE18B7600D69F42 /* AppDelegate.h */ = {isa = PBXFileReference; lastKnownFileType = sourcecode.c.h; path = AppDelegate.h; sourceTree = "<group>"; };
		18356F811CE18B7600D69F42 /* AppDelegate.m */ = {isa = PBXFileReference; lastKnownFileType = sourcecode.c.objc; path = AppDelegate.m; sourceTree = "<group>"; };
		18356F831CE18B7600D69F42 /* ViewController.h */ = {isa = PBXFileReference; lastKnownFileType = sourcecode.c.h; path = ViewController.h; sourceTree = "<group>"; };
		18356F841CE18B7600D69F42 /* ViewController.m */ = {isa = PBXFileReference; lastKnownFileType = sourcecode.c.objc; path = ViewController.m; sourceTree = "<group>"; };
		18356F891CE18B7600D69F42 /* Assets.xcassets */ = {isa = PBXFileReference; lastKnownFileType = folder.assetcatalog; path = Assets.xcassets; sourceTree = "<group>"; };
		18356F8C1CE18B7600D69F42 /* Base */ = {isa = PBXFileReference; lastKnownFileType = file.storyboard; name = Base; path = Base.lproj/LaunchScreen.storyboard; sourceTree = "<group>"; };
		18356F8E1CE18B7600D69F42 /* Info.plist */ = {isa = PBXFileReference; lastKnownFileType = text.plist.xml; path = Info.plist; sourceTree = "<group>"; };
		18356F931CE18B7700D69F42 /* AfxTests.xctest */ = {isa = PBXFileReference; explicitFileType = wrapper.cfbundle; includeInIndex = 0; path = AfxTests.xctest; sourceTree = BUILT_PRODUCTS_DIR; };
		18356F971CE18B7700D69F42 /* AfxTests.m */ = {isa = PBXFileReference; lastKnownFileType = sourcecode.c.objc; path = AfxTests.m; sourceTree = "<group>"; };
		18356F991CE18B7700D69F42 /* Info.plist */ = {isa = PBXFileReference; lastKnownFileType = text.plist.xml; path = Info.plist; sourceTree = "<group>"; };
		18356F9E1CE18B7700D69F42 /* AfxUITests.xctest */ = {isa = PBXFileReference; explicitFileType = wrapper.cfbundle; includeInIndex = 0; path = AfxUITests.xctest; sourceTree = BUILT_PRODUCTS_DIR; };
		18356FA21CE18B7700D69F42 /* AfxUITests.m */ = {isa = PBXFileReference; lastKnownFileType = sourcecode.c.objc; path = AfxUITests.m; sourceTree = "<group>"; };
		18356FA41CE18B7700D69F42 /* Info.plist */ = {isa = PBXFileReference; lastKnownFileType = text.plist.xml; path = Info.plist; sourceTree = "<group>"; };
		358FE4321FCBA226005487A7 /* AfxPrefixHeader.pch */ = {isa = PBXFileReference; fileEncoding = 4; lastKnownFileType = sourcecode.c.h; path = AfxPrefixHeader.pch; sourceTree = "<group>"; };
		358FE44B1FCBA9A5005487A7 /* README.md */ = {isa = PBXFileReference; fileEncoding = 4; lastKnownFileType = net.daringfireball.markdown; path = README.md; sourceTree = "<group>"; };
		358FE44D1FCBA9A5005487A7 /* README.md */ = {isa = PBXFileReference; fileEncoding = 4; lastKnownFileType = net.daringfireball.markdown; path = README.md; sourceTree = "<group>"; };
		358FE4501FCBA9A5005487A7 /* .gitignore */ = {isa = PBXFileReference; fileEncoding = 4; lastKnownFileType = text; path = .gitignore; sourceTree = "<group>"; };
		358FE4521FCBA9A5005487A7 /* .gitignore */ = {isa = PBXFileReference; fileEncoding = 4; lastKnownFileType = text; path = .gitignore; sourceTree = "<group>"; };
		358FE4541FCBA9A5005487A7 /* .gitignore */ = {isa = PBXFileReference; fileEncoding = 4; lastKnownFileType = text; path = .gitignore; sourceTree = "<group>"; };
		358FE4571FCBA9A5005487A7 /* .gitignore */ = {isa = PBXFileReference; fileEncoding = 4; lastKnownFileType = text; path = .gitignore; sourceTree = "<group>"; };
		358FE4591FCBA9A5005487A7 /* .gitignore */ = {isa = PBXFileReference; fileEncoding = 4; lastKnownFileType = text; path = .gitignore; sourceTree = "<group>"; };
		358FE45B1FCBA9A5005487A7 /* .gitignore */ = {isa = PBXFileReference; fileEncoding = 4; lastKnownFileType = text; path = .gitignore; sourceTree = "<group>"; };
		358FE45E1FCBA9A5005487A7 /* .gitignore */ = {isa = PBXFileReference; fileEncoding = 4; lastKnownFileType = text; path = .gitignore; sourceTree = "<group>"; };
		358FE45F1FCBA9A5005487A7 /* README.md */ = {isa = PBXFileReference; fileEncoding = 4; lastKnownFileType = net.daringfireball.markdown; path = README.md; sourceTree = "<group>"; };
		358FE4611FCBA9A5005487A7 /* .gitignore */ = {isa = PBXFileReference; fileEncoding = 4; lastKnownFileType = text; path = .gitignore; sourceTree = "<group>"; };
		358FE4631FCBA9A5005487A7 /* .gitignore */ = {isa = PBXFileReference; fileEncoding = 4; lastKnownFileType = text; path = .gitignore; sourceTree = "<group>"; };
		358FE4651FCBA9A5005487A7 /* README.md */ = {isa = PBXFileReference; fileEncoding = 4; lastKnownFileType = net.daringfireball.markdown; path = README.md; sourceTree = "<group>"; };
		358FE4681FCBA9A5005487A7 /* .gitignore */ = {isa = PBXFileReference; fileEncoding = 4; lastKnownFileType = text; path = .gitignore; sourceTree = "<group>"; };
		358FE4691FCBA9A5005487A7 /* README.md */ = {isa = PBXFileReference; fileEncoding = 4; lastKnownFileType = net.daringfireball.markdown; path = README.md; sourceTree = "<group>"; };
		358FE46B1FCBA9A5005487A7 /* .gitignore */ = {isa = PBXFileReference; fileEncoding = 4; lastKnownFileType = text; path = .gitignore; sourceTree = "<group>"; };
		358FE46D1FCBA9A5005487A7 /* .gitignore */ = {isa = PBXFileReference; fileEncoding = 4; lastKnownFileType = text; path = .gitignore; sourceTree = "<group>"; };
		358FE46F1FCBA9A5005487A7 /* README.md */ = {isa = PBXFileReference; fileEncoding = 4; lastKnownFileType = net.daringfireball.markdown; path = README.md; sourceTree = "<group>"; };
		358FE4711FCBA9A5005487A7 /* README.md */ = {isa = PBXFileReference; fileEncoding = 4; lastKnownFileType = net.daringfireball.markdown; path = README.md; sourceTree = "<group>"; };
/* End PBXFileReference section */

/* Begin PBXFrameworksBuildPhase section */
		18356F771CE18B7600D69F42 /* Frameworks */ = {
			isa = PBXFrameworksBuildPhase;
			buildActionMask = 2147483647;
			files = (
			);
			runOnlyForDeploymentPostprocessing = 0;
		};
		18356F901CE18B7700D69F42 /* Frameworks */ = {
			isa = PBXFrameworksBuildPhase;
			buildActionMask = 2147483647;
			files = (
			);
			runOnlyForDeploymentPostprocessing = 0;
		};
		18356F9B1CE18B7700D69F42 /* Frameworks */ = {
			isa = PBXFrameworksBuildPhase;
			buildActionMask = 2147483647;
			files = (
			);
			runOnlyForDeploymentPostprocessing = 0;
		};
/* End PBXFrameworksBuildPhase section */

/* Begin PBXGroup section */
		18356F711CE18B7600D69F42 = {
			isa = PBXGroup;
			children = (
				18356F7C1CE18B7600D69F42 /* Afx */,
				18356F961CE18B7700D69F42 /* AfxTests */,
				18356FA11CE18B7700D69F42 /* AfxUITests */,
				18356F7B1CE18B7600D69F42 /* Products */,
			);
			sourceTree = "<group>";
		};
		18356F7B1CE18B7600D69F42 /* Products */ = {
			isa = PBXGroup;
			children = (
				18356F7A1CE18B7600D69F42 /* Afx.app */,
				18356F931CE18B7700D69F42 /* AfxTests.xctest */,
				18356F9E1CE18B7700D69F42 /* AfxUITests.xctest */,
			);
			name = Products;
			sourceTree = "<group>";
		};
		18356F7C1CE18B7600D69F42 /* Afx */ = {
			isa = PBXGroup;
			children = (
				358FE4491FCBA9A5005487A7 /* Classes */,
				18356F801CE18B7600D69F42 /* AppDelegate.h */,
				18356F811CE18B7600D69F42 /* AppDelegate.m */,
				18356F831CE18B7600D69F42 /* ViewController.h */,
				18356F841CE18B7600D69F42 /* ViewController.m */,
				18356F891CE18B7600D69F42 /* Assets.xcassets */,
				18356F8B1CE18B7600D69F42 /* LaunchScreen.storyboard */,
				18356F8E1CE18B7600D69F42 /* Info.plist */,
				18356F7D1CE18B7600D69F42 /* Supporting Files */,
			);
			path = Afx;
			sourceTree = "<group>";
		};
		18356F7D1CE18B7600D69F42 /* Supporting Files */ = {
			isa = PBXGroup;
			children = (
				358FE4321FCBA226005487A7 /* AfxPrefixHeader.pch */,
				18356F7E1CE18B7600D69F42 /* main.m */,
			);
			name = "Supporting Files";
			sourceTree = "<group>";
		};
		18356F961CE18B7700D69F42 /* AfxTests */ = {
			isa = PBXGroup;
			children = (
				18356F971CE18B7700D69F42 /* AfxTests.m */,
				18356F991CE18B7700D69F42 /* Info.plist */,
			);
			path = AfxTests;
			sourceTree = "<group>";
		};
		18356FA11CE18B7700D69F42 /* AfxUITests */ = {
			isa = PBXGroup;
			children = (
				18356FA21CE18B7700D69F42 /* AfxUITests.m */,
				18356FA41CE18B7700D69F42 /* Info.plist */,
			);
			path = AfxUITests;
			sourceTree = "<group>";
		};
		358FE4491FCBA9A5005487A7 /* Classes */ = {
			isa = PBXGroup;
			children = (
				358FE44A1FCBA9A5005487A7 /* Category */,
				358FE44C1FCBA9A5005487A7 /* Module */,
				358FE45C1FCBA9A5005487A7 /* Common */,
				358FE4641FCBA9A5005487A7 /* Resource */,
				358FE4661FCBA9A5005487A7 /* Base */,
				358FE46E1FCBA9A5005487A7 /* Vendor */,
				358FE4701FCBA9A5005487A7 /* Utility */,
			);
			path = Classes;
			sourceTree = "<group>";
		};
		358FE44A1FCBA9A5005487A7 /* Category */ = {
			isa = PBXGroup;
			children = (
				358FE44B1FCBA9A5005487A7 /* README.md */,
			);
			path = Category;
			sourceTree = "<group>";
		};
		358FE44C1FCBA9A5005487A7 /* Module */ = {
			isa = PBXGroup;
			children = (
				358FE44D1FCBA9A5005487A7 /* README.md */,
				358FE44E1FCBA9A5005487A7 /* Register */,
				358FE4551FCBA9A5005487A7 /* Login */,
			);
			path = Module;
			sourceTree = "<group>";
		};
		358FE44E1FCBA9A5005487A7 /* Register */ = {
			isa = PBXGroup;
			children = (
				358FE44F1FCBA9A5005487A7 /* Controller */,
				358FE4511FCBA9A5005487A7 /* Model */,
				358FE4531FCBA9A5005487A7 /* View */,
			);
			path = Register;
			sourceTree = "<group>";
		};
		358FE44F1FCBA9A5005487A7 /* Controller */ = {
			isa = PBXGroup;
			children = (
				358FE4501FCBA9A5005487A7 /* .gitignore */,
			);
			path = Controller;
			sourceTree = "<group>";
		};
		358FE4511FCBA9A5005487A7 /* Model */ = {
			isa = PBXGroup;
			children = (
				358FE4521FCBA9A5005487A7 /* .gitignore */,
			);
			path = Model;
			sourceTree = "<group>";
		};
		358FE4531FCBA9A5005487A7 /* View */ = {
			isa = PBXGroup;
			children = (
				358FE4541FCBA9A5005487A7 /* .gitignore */,
			);
			path = View;
			sourceTree = "<group>";
		};
		358FE4551FCBA9A5005487A7 /* Login */ = {
			isa = PBXGroup;
			children = (
				358FE4561FCBA9A5005487A7 /* Controller */,
				358FE4581FCBA9A5005487A7 /* Model */,
				358FE45A1FCBA9A5005487A7 /* View */,
			);
			path = Login;
			sourceTree = "<group>";
		};
		358FE4561FCBA9A5005487A7 /* Controller */ = {
			isa = PBXGroup;
			children = (
				358FE4571FCBA9A5005487A7 /* .gitignore */,
			);
			path = Controller;
			sourceTree = "<group>";
		};
		358FE4581FCBA9A5005487A7 /* Model */ = {
			isa = PBXGroup;
			children = (
				358FE4591FCBA9A5005487A7 /* .gitignore */,
			);
			path = Model;
			sourceTree = "<group>";
		};
		358FE45A1FCBA9A5005487A7 /* View */ = {
			isa = PBXGroup;
			children = (
				358FE45B1FCBA9A5005487A7 /* .gitignore */,
			);
			path = View;
			sourceTree = "<group>";
		};
		358FE45C1FCBA9A5005487A7 /* Common */ = {
			isa = PBXGroup;
			children = (
				358FE45D1FCBA9A5005487A7 /* Controller */,
				358FE45F1FCBA9A5005487A7 /* README.md */,
				358FE4601FCBA9A5005487A7 /* Model */,
				358FE4621FCBA9A5005487A7 /* View */,
			);
			path = Common;
			sourceTree = "<group>";
		};
		358FE45D1FCBA9A5005487A7 /* Controller */ = {
			isa = PBXGroup;
			children = (
				358FE45E1FCBA9A5005487A7 /* .gitignore */,
			);
			path = Controller;
			sourceTree = "<group>";
		};
		358FE4601FCBA9A5005487A7 /* Model */ = {
			isa = PBXGroup;
			children = (
				358FE4611FCBA9A5005487A7 /* .gitignore */,
			);
			path = Model;
			sourceTree = "<group>";
		};
		358FE4621FCBA9A5005487A7 /* View */ = {
			isa = PBXGroup;
			children = (
				358FE4631FCBA9A5005487A7 /* .gitignore */,
			);
			path = View;
			sourceTree = "<group>";
		};
		358FE4641FCBA9A5005487A7 /* Resource */ = {
			isa = PBXGroup;
			children = (
				358FE4651FCBA9A5005487A7 /* README.md */,
			);
			path = Resource;
			sourceTree = "<group>";
		};
		358FE4661FCBA9A5005487A7 /* Base */ = {
			isa = PBXGroup;
			children = (
				358FE4671FCBA9A5005487A7 /* Controller */,
				358FE4691FCBA9A5005487A7 /* README.md */,
				358FE46A1FCBA9A5005487A7 /* Model */,
				358FE46C1FCBA9A5005487A7 /* View */,
			);
			path = Base;
			sourceTree = "<group>";
		};
		358FE4671FCBA9A5005487A7 /* Controller */ = {
			isa = PBXGroup;
			children = (
				358FE4681FCBA9A5005487A7 /* .gitignore */,
			);
			path = Controller;
			sourceTree = "<group>";
		};
		358FE46A1FCBA9A5005487A7 /* Model */ = {
			isa = PBXGroup;
			children = (
				358FE46B1FCBA9A5005487A7 /* .gitignore */,
			);
			path = Model;
			sourceTree = "<group>";
		};
		358FE46C1FCBA9A5005487A7 /* View */ = {
			isa = PBXGroup;
			children = (
				358FE46D1FCBA9A5005487A7 /* .gitignore */,
			);
			path = View;
			sourceTree = "<group>";
		};
		358FE46E1FCBA9A5005487A7 /* Vendor */ = {
			isa = PBXGroup;
			children = (
				358FE46F1FCBA9A5005487A7 /* README.md */,
			);
			path = Vendor;
			sourceTree = "<group>";
		};
		358FE4701FCBA9A5005487A7 /* Utility */ = {
			isa = PBXGroup;
			children = (
				358FE4711FCBA9A5005487A7 /* README.md */,
			);
			path = Utility;
			sourceTree = "<group>";
		};
/* End PBXGroup section */

/* Begin PBXNativeTarget section */
		18356F791CE18B7600D69F42 /* Afx */ = {
			isa = PBXNativeTarget;
			buildConfigurationList = 18356FA71CE18B7700D69F42 /* Build configuration list for PBXNativeTarget "Afx" */;
			buildPhases = (
				18356F761CE18B7600D69F42 /* Sources */,
				18356F771CE18B7600D69F42 /* Frameworks */,
				18356F781CE18B7600D69F42 /* Resources */,
			);
			buildRules = (
			);
			dependencies = (
			);
			name = Afx;
			productName = Afx;
			productReference = 18356F7A1CE18B7600D69F42 /* Afx.app */;
			productType = "com.apple.product-type.application";
		};
		18356F921CE18B7700D69F42 /* AfxTests */ = {
			isa = PBXNativeTarget;
			buildConfigurationList = 18356FAA1CE18B7700D69F42 /* Build configuration list for PBXNativeTarget "AfxTests" */;
			buildPhases = (
				18356F8F1CE18B7700D69F42 /* Sources */,
				18356F901CE18B7700D69F42 /* Frameworks */,
				18356F911CE18B7700D69F42 /* Resources */,
			);
			buildRules = (
			);
			dependencies = (
				18356F951CE18B7700D69F42 /* PBXTargetDependency */,
			);
			name = AfxTests;
			productName = AfxTests;
			productReference = 18356F931CE18B7700D69F42 /* AfxTests.xctest */;
			productType = "com.apple.product-type.bundle.unit-test";
		};
		18356F9D1CE18B7700D69F42 /* AfxUITests */ = {
			isa = PBXNativeTarget;
			buildConfigurationList = 18356FAD1CE18B7700D69F42 /* Build configuration list for PBXNativeTarget "AfxUITests" */;
			buildPhases = (
				18356F9A1CE18B7700D69F42 /* Sources */,
				18356F9B1CE18B7700D69F42 /* Frameworks */,
				18356F9C1CE18B7700D69F42 /* Resources */,
			);
			buildRules = (
			);
			dependencies = (
				18356FA01CE18B7700D69F42 /* PBXTargetDependency */,
			);
			name = AfxUITests;
			productName = AfxUITests;
			productReference = 18356F9E1CE18B7700D69F42 /* AfxUITests.xctest */;
			productType = "com.apple.product-type.bundle.ui-testing";
		};
/* End PBXNativeTarget section */

/* Begin PBXProject section */
		18356F721CE18B7600D69F42 /* Project object */ = {
			isa = PBXProject;
			attributes = {
				LastUpgradeCheck = 0720;
				ORGANIZATIONNAME = zly;
				TargetAttributes = {
					18356F791CE18B7600D69F42 = {
						CreatedOnToolsVersion = 7.2;
					};
					18356F921CE18B7700D69F42 = {
						CreatedOnToolsVersion = 7.2;
						TestTargetID = 18356F791CE18B7600D69F42;
					};
					18356F9D1CE18B7700D69F42 = {
						CreatedOnToolsVersion = 7.2;
						TestTargetID = 18356F791CE18B7600D69F42;
					};
				};
			};
			buildConfigurationList = 18356F751CE18B7600D69F42 /* Build configuration list for PBXProject "Afx" */;
			compatibilityVersion = "Xcode 3.2";
			developmentRegion = English;
			hasScannedForEncodings = 0;
			knownRegions = (
				en,
				Base,
			);
			mainGroup = 18356F711CE18B7600D69F42;
			productRefGroup = 18356F7B1CE18B7600D69F42 /* Products */;
			projectDirPath = "";
			projectRoot = "";
			targets = (
				18356F791CE18B7600D69F42 /* Afx */,
				18356F921CE18B7700D69F42 /* AfxTests */,
				18356F9D1CE18B7700D69F42 /* AfxUITests */,
			);
		};
/* End PBXProject section */

/* Begin PBXResourcesBuildPhase section */
		18356F781CE18B7600D69F42 /* Resources */ = {
			isa = PBXResourcesBuildPhase;
			buildActionMask = 2147483647;
			files = (
				358FE47F1FCBA9A5005487A7 /* .gitignore in Resources */,
				358FE4791FCBA9A5005487A7 /* .gitignore in Resources */,
				358FE4831FCBA9A5005487A7 /* README.md in Resources */,
				358FE4841FCBA9A5005487A7 /* README.md in Resources */,
				358FE4771FCBA9A5005487A7 /* .gitignore in Resources */,
				358FE4741FCBA9A5005487A7 /* .gitignore in Resources */,
				358FE4761FCBA9A5005487A7 /* .gitignore in Resources */,
				358FE47A1FCBA9A5005487A7 /* .gitignore in Resources */,
				358FE4721FCBA9A5005487A7 /* README.md in Resources */,
				358FE47B1FCBA9A5005487A7 /* README.md in Resources */,
				18356F8D1CE18B7600D69F42 /* LaunchScreen.storyboard in Resources */,
				358FE47D1FCBA9A5005487A7 /* .gitignore in Resources */,
				358FE4731FCBA9A5005487A7 /* README.md in Resources */,
				358FE4821FCBA9A5005487A7 /* .gitignore in Resources */,
				358FE4801FCBA9A5005487A7 /* README.md in Resources */,
				358FE4751FCBA9A5005487A7 /* .gitignore in Resources */,
				358FE4781FCBA9A5005487A7 /* .gitignore in Resources */,
				358FE47E1FCBA9A5005487A7 /* README.md in Resources */,
				358FE47C1FCBA9A5005487A7 /* .gitignore in Resources */,
				358FE4811FCBA9A5005487A7 /* .gitignore in Resources */,
				18356F8A1CE18B7600D69F42 /* Assets.xcassets in Resources */,
			);
			runOnlyForDeploymentPostprocessing = 0;
		};
		18356F911CE18B7700D69F42 /* Resources */ = {
			isa = PBXResourcesBuildPhase;
			buildActionMask = 2147483647;
			files = (
			);
			runOnlyForDeploymentPostprocessing = 0;
		};
		18356F9C1CE18B7700D69F42 /* Resources */ = {
			isa = PBXResourcesBuildPhase;
			buildActionMask = 2147483647;
			files = (
			);
			runOnlyForDeploymentPostprocessing = 0;
		};
/* End PBXResourcesBuildPhase section */

/* Begin PBXSourcesBuildPhase section */
		18356F761CE18B7600D69F42 /* Sources */ = {
			isa = PBXSourcesBuildPhase;
			buildActionMask = 2147483647;
			files = (
				18356F851CE18B7600D69F42 /* ViewController.m in Sources */,
				18356F821CE18B7600D69F42 /* AppDelegate.m in Sources */,
				18356F7F1CE18B7600D69F42 /* main.m in Sources */,
			);
			runOnlyForDeploymentPostprocessing = 0;
		};
		18356F8F1CE18B7700D69F42 /* Sources */ = {
			isa = PBXSourcesBuildPhase;
			buildActionMask = 2147483647;
			files = (
				18356F981CE18B7700D69F42 /* AfxTests.m in Sources */,
			);
			runOnlyForDeploymentPostprocessing = 0;
		};
		18356F9A1CE18B7700D69F42 /* Sources */ = {
			isa = PBXSourcesBuildPhase;
			buildActionMask = 2147483647;
			files = (
				18356FA31CE18B7700D69F42 /* AfxUITests.m in Sources */,
			);
			runOnlyForDeploymentPostprocessing = 0;
		};
/* End PBXSourcesBuildPhase section */

/* Begin PBXTargetDependency section */
		18356F951CE18B7700D69F42 /* PBXTargetDependency */ = {
			isa = PBXTargetDependency;
			target = 18356F791CE18B7600D69F42 /* Afx */;
			targetProxy = 18356F941CE18B7700D69F42 /* PBXContainerItemProxy */;
		};
		18356FA01CE18B7700D69F42 /* PBXTargetDependency */ = {
			isa = PBXTargetDependency;
			target = 18356F791CE18B7600D69F42 /* Afx */;
			targetProxy = 18356F9F1CE18B7700D69F42 /* PBXContainerItemProxy */;
		};
/* End PBXTargetDependency section */

/* Begin PBXVariantGroup section */
		18356F8B1CE18B7600D69F42 /* LaunchScreen.storyboard */ = {
			isa = PBXVariantGroup;
			children = (
				18356F8C1CE18B7600D69F42 /* Base */,
			);
			name = LaunchScreen.storyboard;
			sourceTree = "<group>";
		};
/* End PBXVariantGroup section */

/* Begin XCBuildConfiguration section */
		18356FA51CE18B7700D69F42 /* Debug */ = {
			isa = XCBuildConfiguration;
			buildSettings = {
				ALWAYS_SEARCH_USER_PATHS = NO;
				CLANG_CXX_LANGUAGE_STANDARD = "gnu++0x";
				CLANG_CXX_LIBRARY = "libc++";
				CLANG_ENABLE_MODULES = YES;
				CLANG_ENABLE_OBJC_ARC = YES;
				CLANG_WARN_BOOL_CONVERSION = YES;
				CLANG_WARN_CONSTANT_CONVERSION = YES;
				CLANG_WARN_DIRECT_OBJC_ISA_USAGE = YES_ERROR;
				CLANG_WARN_EMPTY_BODY = YES;
				CLANG_WARN_ENUM_CONVERSION = YES;
				CLANG_WARN_INT_CONVERSION = YES;
				CLANG_WARN_OBJC_ROOT_CLASS = YES_ERROR;
				CLANG_WARN_UNREACHABLE_CODE = YES;
				CLANG_WARN__DUPLICATE_METHOD_MATCH = YES;
				"CODE_SIGN_IDENTITY[sdk=iphoneos*]" = "iPhone Developer";
				COPY_PHASE_STRIP = NO;
				DEBUG_INFORMATION_FORMAT = dwarf;
				ENABLE_STRICT_OBJC_MSGSEND = YES;
				ENABLE_TESTABILITY = YES;
				GCC_C_LANGUAGE_STANDARD = gnu99;
				GCC_DYNAMIC_NO_PIC = NO;
				GCC_NO_COMMON_BLOCKS = YES;
				GCC_OPTIMIZATION_LEVEL = 0;
				GCC_PREPROCESSOR_DEFINITIONS = (
					"DEBUG=1",
					"$(inherited)",
				);
				GCC_WARN_64_TO_32_BIT_CONVERSION = YES;
				GCC_WARN_ABOUT_RETURN_TYPE = YES_ERROR;
				GCC_WARN_UNDECLARED_SELECTOR = YES;
				GCC_WARN_UNINITIALIZED_AUTOS = YES_AGGRESSIVE;
				GCC_WARN_UNUSED_FUNCTION = YES;
				GCC_WARN_UNUSED_VARIABLE = YES;
				IPHONEOS_DEPLOYMENT_TARGET = 9.2;
				MTL_ENABLE_DEBUG_INFO = YES;
				ONLY_ACTIVE_ARCH = YES;
				SDKROOT = iphoneos;
				TARGETED_DEVICE_FAMILY = "1,2";
			};
			name = Debug;
		};
		18356FA61CE18B7700D69F42 /* Release */ = {
			isa = XCBuildConfiguration;
			buildSettings = {
				ALWAYS_SEARCH_USER_PATHS = NO;
				CLANG_CXX_LANGUAGE_STANDARD = "gnu++0x";
				CLANG_CXX_LIBRARY = "libc++";
				CLANG_ENABLE_MODULES = YES;
				CLANG_ENABLE_OBJC_ARC = YES;
				CLANG_WARN_BOOL_CONVERSION = YES;
				CLANG_WARN_CONSTANT_CONVERSION = YES;
				CLANG_WARN_DIRECT_OBJC_ISA_USAGE = YES_ERROR;
				CLANG_WARN_EMPTY_BODY = YES;
				CLANG_WARN_ENUM_CONVERSION = YES;
				CLANG_WARN_INT_CONVERSION = YES;
				CLANG_WARN_OBJC_ROOT_CLASS = YES_ERROR;
				CLANG_WARN_UNREACHABLE_CODE = YES;
				CLANG_WARN__DUPLICATE_METHOD_MATCH = YES;
				"CODE_SIGN_IDENTITY[sdk=iphoneos*]" = "iPhone Developer";
				COPY_PHASE_STRIP = NO;
				DEBUG_INFORMATION_FORMAT = "dwarf-with-dsym";
				ENABLE_NS_ASSERTIONS = NO;
				ENABLE_STRICT_OBJC_MSGSEND = YES;
				GCC_C_LANGUAGE_STANDARD = gnu99;
				GCC_NO_COMMON_BLOCKS = YES;
				GCC_WARN_64_TO_32_BIT_CONVERSION = YES;
				GCC_WARN_ABOUT_RETURN_TYPE = YES_ERROR;
				GCC_WARN_UNDECLARED_SELECTOR = YES;
				GCC_WARN_UNINITIALIZED_AUTOS = YES_AGGRESSIVE;
				GCC_WARN_UNUSED_FUNCTION = YES;
				GCC_WARN_UNUSED_VARIABLE = YES;
				IPHONEOS_DEPLOYMENT_TARGET = 9.2;
				MTL_ENABLE_DEBUG_INFO = NO;
				SDKROOT = iphoneos;
				TARGETED_DEVICE_FAMILY = "1,2";
				VALIDATE_PRODUCT = YES;
			};
			name = Release;
		};
		18356FA81CE18B7700D69F42 /* Debug */ = {
			isa = XCBuildConfiguration;
			buildSettings = {
				ASSETCATALOG_COMPILER_APPICON_NAME = AppIcon;
				GCC_PRECOMPILE_PREFIX_HEADER = YES;
				GCC_PREFIX_HEADER = "$(SRCROOT)/Afx/AfxPrefixHeader.pch";
				INFOPLIST_FILE = Afx/Info.plist;
				IPHONEOS_DEPLOYMENT_TARGET = 8.0;
				LD_RUNPATH_SEARCH_PATHS = "$(inherited) @executable_path/Frameworks";
				PRODUCT_BUNDLE_IDENTIFIER = com.ykb.Afx;
				PRODUCT_NAME = "$(TARGET_NAME)";
			};
			name = Debug;
		};
		18356FA91CE18B7700D69F42 /* Release */ = {
			isa = XCBuildConfiguration;
			buildSettings = {
				ASSETCATALOG_COMPILER_APPICON_NAME = AppIcon;
				GCC_PRECOMPILE_PREFIX_HEADER = YES;
				GCC_PREFIX_HEADER = "$(SRCROOT)/Afx/AfxPrefixHeader.pch";
				INFOPLIST_FILE = Afx/Info.plist;
				IPHONEOS_DEPLOYMENT_TARGET = 8.0;
				LD_RUNPATH_SEARCH_PATHS = "$(inherited) @executable_path/Frameworks";
				PRODUCT_BUNDLE_IDENTIFIER = com.ykb.Afx;
				PRODUCT_NAME = "$(TARGET_NAME)";
			};
			name = Release;
		};
		18356FAB1CE18B7700D69F42 /* Debug */ = {
			isa = XCBuildConfiguration;
			buildSettings = {
				BUNDLE_LOADER = "$(TEST_HOST)";
				INFOPLIST_FILE = AfxTests/Info.plist;
				LD_RUNPATH_SEARCH_PATHS = "$(inherited) @executable_path/Frameworks @loader_path/Frameworks";
				PRODUCT_BUNDLE_IDENTIFIER = com.ykb.AfxTests;
				PRODUCT_NAME = "$(TARGET_NAME)";
				TEST_HOST = "$(BUILT_PRODUCTS_DIR)/Afx.app/Afx";
			};
			name = Debug;
		};
		18356FAC1CE18B7700D69F42 /* Release */ = {
			isa = XCBuildConfiguration;
			buildSettings = {
				BUNDLE_LOADER = "$(TEST_HOST)";
				INFOPLIST_FILE = AfxTests/Info.plist;
				LD_RUNPATH_SEARCH_PATHS = "$(inherited) @executable_path/Frameworks @loader_path/Frameworks";
				PRODUCT_BUNDLE_IDENTIFIER = com.ykb.AfxTests;
				PRODUCT_NAME = "$(TARGET_NAME)";
				TEST_HOST = "$(BUILT_PRODUCTS_DIR)/Afx.app/Afx";
			};
			name = Release;
		};
		18356FAE1CE18B7700D69F42 /* Debug */ = {
			isa = XCBuildConfiguration;
			buildSettings = {
				INFOPLIST_FILE = AfxUITests/Info.plist;
				LD_RUNPATH_SEARCH_PATHS = "$(inherited) @executable_path/Frameworks @loader_path/Frameworks";
				PRODUCT_BUNDLE_IDENTIFIER = com.ykb.AfxUITests;
				PRODUCT_NAME = "$(TARGET_NAME)";
				TEST_TARGET_NAME = Afx;
				USES_XCTRUNNER = YES;
			};
			name = Debug;
		};
		18356FAF1CE18B7700D69F42 /* Release */ = {
			isa = XCBuildConfiguration;
			buildSettings = {
				INFOPLIST_FILE = AfxUITests/Info.plist;
				LD_RUNPATH_SEARCH_PATHS = "$(inherited) @executable_path/Frameworks @loader_path/Frameworks";
				PRODUCT_BUNDLE_IDENTIFIER = com.ykb.AfxUITests;
				PRODUCT_NAME = "$(TARGET_NAME)";
				TEST_TARGET_NAME = Afx;
				USES_XCTRUNNER = YES;
			};
			name = Release;
		};
/* End XCBuildConfiguration section */

/* Begin XCConfigurationList section */
		18356F751CE18B7600D69F42 /* Build configuration list for PBXProject "Afx" */ = {
			isa = XCConfigurationList;
			buildConfigurations = (
				18356FA51CE18B7700D69F42 /* Debug */,
				18356FA61CE18B7700D69F42 /* Release */,
			);
			defaultConfigurationIsVisible = 0;
			defaultConfigurationName = Release;
		};
		18356FA71CE18B7700D69F42 /* Build configuration list for PBXNativeTarget "Afx" */ = {
			isa = XCConfigurationList;
			buildConfigurations = (
				18356FA81CE18B7700D69F42 /* Debug */,
				18356FA91CE18B7700D69F42 /* Release */,
			);
			defaultConfigurationIsVisible = 0;
			defaultConfigurationName = Release;
		};
		18356FAA1CE18B7700D69F42 /* Build configuration list for PBXNativeTarget "AfxTests" */ = {
			isa = XCConfigurationList;
			buildConfigurations = (
				18356FAB1CE18B7700D69F42 /* Debug */,
				18356FAC1CE18B7700D69F42 /* Release */,
			);
			defaultConfigurationIsVisible = 0;
			defaultConfigurationName = Release;
		};
		18356FAD1CE18B7700D69F42 /* Build configuration list for PBXNativeTarget "AfxUITests" */ = {
			isa = XCConfigurationList;
			buildConfigurations = (
				18356FAE1CE18B7700D69F42 /* Debug */,
				18356FAF1CE18B7700D69F42 /* Release */,
			);
			defaultConfigurationIsVisible = 0;
			defaultConfigurationName = Release;
		};
/* End XCConfigurationList section */
	};
	rootObject = 18356F721CE18B7600D69F42 /* Project object */;
}
